
Microsoft Visual Studio Solution File, Format Version 12.00
# Visual Studio Version 16
VisualStudioVersion = 16.0.32407.337
MinimumVisualStudioVersion = 10.0.40219.1
Project("{FAE04EC0-301F-11D3-BF4B-00C04F79EFBC}") = "EjercicioTresPuntoUno.Android", "EjercicioTresPuntoUno\EjercicioTresPuntoUno.Android\EjercicioTresPuntoUno.Android.csproj", "{0CDFB816-0DE7-4D82-AF7D-AEA867B11FB2}"
EndProject
Project("{FAE04EC0-301F-11D3-BF4B-00C04F79EFBC}") = "EjercicioTresPuntoUno", "EjercicioTresPuntoUno\EjercicioTresPuntoUno\EjercicioTresPuntoUno.csproj", "{9660BF1E-7A70-4EE9-92EB-EBAFAB0D959B}"
EndProject
Global
	GlobalSection(SolutionConfigurationPlatforms) = preSolution
		Debug|Any CPU = Debug|Any CPU
		Release|Any CPU = Release|Any CPU
	EndGlobalSection
	GlobalSection(ProjectConfigurationPlatforms) = postSolution
		{0CDFB816-0DE7-4D82-AF7D-AEA867B11FB2}.Debug|Any CPU.ActiveCfg = Debug|Any CPU
		{0CDFB816-0DE7-4D82-AF7D-AEA867B11FB2}.Debug|Any CPU.Build.0 = Debug|Any CPU
		{0CDFB816-0DE7-4D82-AF7D-AEA867B11FB2}.Debug|Any CPU.Deploy.0 = Debug|Any CPU
		{0CDFB816-0DE7-4D82-AF7D-AEA867B11FB2}.Release|Any CPU.ActiveCfg = Release|Any CPU
		{0CDFB816-0DE7-4D82-AF7D-AEA867B11FB2}.Release|Any CPU.Build.0 = Release|Any CPU
		{0CDFB816-0DE7-4D82-AF7D-AEA867B11FB2}.Release|Any CPU.Deploy.0 = Release|Any CPU
		{9660BF1E-7A70-4EE9-92EB-EBAFAB0D959B}.Debug|Any CPU.ActiveCfg = Debug|Any CPU
		{9660BF1E-7A70-4EE9-92EB-EBAFAB0D959B}.Debug|Any CPU.Build.0 = Debug|Any CPU
		{9660BF1E-7A70-4EE9-92EB-EBAFAB0D959B}.Debug|Any CPU.Deploy.0 = Debug|Any CPU
		{9660BF1E-7A70-4EE9-92EB-EBAFAB0D959B}.Release|Any CPU.ActiveCfg = Release|Any CPU
		{9660BF1E-7A70-4EE9-92EB-EBAFAB0D959B}.Release|Any CPU.Build.0 = Release|Any CPU
		{9660BF1E-7A70-4EE9-92EB-EBAFAB0D959B}.Release|Any CPU.Deploy.0 = Release|Any CPU
	EndGlobalSection
	GlobalSection(SolutionProperties) = preSolution
		HideSolutionNode = FALSE
	EndGlobalSection
	GlobalSection(ExtensibilityGlobals) = postSolution
		SolutionGuid = {A25ED30F-1DA7-4BAD-9128-4313D84C52D0}
	EndGlobalSection
EndGlobal
